
Microsoft Visual Studio Solution File, Format Version 12.00
# Visual Studio Version 17
VisualStudioVersion = 17.3.32901.215
MinimumVisualStudioVersion = 10.0.40219.1
Project("{FAE04EC0-301F-11D3-BF4B-00C04F79EFBC}") = "CrackMe", "CrackMe.csproj", "{C51FA560-A567-45BD-95AE-B32A2E5CC2E2}"
EndProject
Global
	GlobalSection(SolutionConfigurationPlatforms) = preSolution
		Debug|Any CPU = Debug|Any CPU
		Release|Any CPU = Release|Any CPU
	EndGlobalSection
	GlobalSection(ProjectConfigurationPlatforms) = postSolution
		{C51FA560-A567-45BD-95AE-B32A2E5CC2E2}.Debug|Any CPU.ActiveCfg = Debug|Any CPU
		{C51FA560-A567-45BD-95AE-B32A2E5CC2E2}.Debug|Any CPU.Build.0 = Debug|Any CPU
		{C51FA560-A567-45BD-95AE-B32A2E5CC2E2}.Release|Any CPU.ActiveCfg = Release|Any CPU
		{C51FA560-A567-45BD-95AE-B32A2E5CC2E2}.Release|Any CPU.Build.0 = Release|Any CPU
	EndGlobalSection
	GlobalSection(SolutionProperties) = preSolution
		HideSolutionNode = FALSE
	EndGlobalSection
	GlobalSection(ExtensibilityGlobals) = postSolution
		SolutionGuid = {89E72026-6BEE-4AC4-8E7D-CECFFD5C9D53}
	EndGlobalSection
EndGlobal
